[ "cberl": {:git, "git://github.com/chitika/cberl.git", "3f5b67ab792c64e68824a1d927fb3532ee97cc71", []},
  "ej": {:git, "git://github.com/seth/ej.git", "0332523799fdbab4b7c8e87074dcf57bb15005a6", []},
  "exlager": {:git, "git://github.com/khia/exlager.git", "779a75350c6bf6a30b779f6d63e2d50a94c4d9a1", []},
  "gen_leader": {:git, "git://github.com/garret-smith/gen_leader_revival.git", "318e8e5a279df73009c3fd3a62201de885d0eecd", []},
  "goldrush": {:git, "git://github.com/DeadZen/goldrush.git", "71e63212f12c25827e0c1b4198d37d5d018a7fec", [tag: "0.1.6"]},
  "gproc": {:git, "git://github.com/uwiger/gproc.git", "e4cbf2ad4c90ba128e1b688e9209169997858c3a", []},
  "jiffy": {:git, "https://github.com/davisp/jiffy.git", "d16a4fd968e000b65e4678cccfad68d7a0a8bd1c", [branch: "master"]},
  "lager": {:git, "https://github.com/basho/lager.git", "1613842357c4c8cee6edadca47733ce6edc70106", []},
  "poolboy": {:git, "https://github.com/devinus/poolboy.git", "64e1eaef0b1e88849c7e7ba9ff75f8cd4dba2a3b", [branch: "master"]} ]
